
Microsoft Visual Studio Solution File, Format Version 12.00
# Visual Studio Version 17
VisualStudioVersion = 17.11.35312.102
MinimumVisualStudioVersion = 10.0.40219.1
Project("{9A19103F-16F7-4668-BE54-9A1E7A4F7556}") = "UITestLayer", "TestAutomationFrameowrk\UITestLayer.csproj", "{464F578A-92E0-4C28-BE23-F8F24ADF6DC2}"
EndProject
Project("{FAE04EC0-301F-11D3-BF4B-00C04F79EFBC}") = "UIBusinessLayer", "AutomationBusinessLogic\UIBusinessLayer.csproj", "{0A006A57-83B9-4B28-A0F3-CDD736E72971}"
EndProject
Project("{FAE04EC0-301F-11D3-BF4B-00C04F79EFBC}") = "UIFrameworkLayer", "UIFrameworkLayer\UIFrameworkLayer.csproj", "{D69E8C09-E7C0-41CE-9EC3-F0E14E99844F}"
EndProject
Project("{FAE04EC0-301F-11D3-BF4B-00C04F79EFBC}") = "RestSharpTestLayer", "RestSharpTestLayer\RestSharpTestLayer.csproj", "{8A781DDF-FD56-4E85-B55C-219C1F731310}"
EndProject
Project("{FAE04EC0-301F-11D3-BF4B-00C04F79EFBC}") = "RestSharpFrameworkLayer", "RestSharpFrameworkLayer\RestSharpFrameworkLayer.csproj", "{9ABCEFF5-8E0D-4949-90F9-F343861376DF}"
EndProject
Project("{FAE04EC0-301F-11D3-BF4B-00C04F79EFBC}") = "RestSharpBusinessLayer", "RestSharpBusinessLayer\RestSharpBusinessLayer.csproj", "{6AD0DE46-C550-41DD-BF8D-E8C4F117E550}"
EndProject
Global
	GlobalSection(SolutionConfigurationPlatforms) = preSolution
		Debug|Any CPU = Debug|Any CPU
		Release|Any CPU = Release|Any CPU
	EndGlobalSection
	GlobalSection(ProjectConfigurationPlatforms) = postSolution
		{464F578A-92E0-4C28-BE23-F8F24ADF6DC2}.Debug|Any CPU.ActiveCfg = Debug|Any CPU
		{464F578A-92E0-4C28-BE23-F8F24ADF6DC2}.Debug|Any CPU.Build.0 = Debug|Any CPU
		{464F578A-92E0-4C28-BE23-F8F24ADF6DC2}.Release|Any CPU.ActiveCfg = Release|Any CPU
		{464F578A-92E0-4C28-BE23-F8F24ADF6DC2}.Release|Any CPU.Build.0 = Release|Any CPU
		{0A006A57-83B9-4B28-A0F3-CDD736E72971}.Debug|Any CPU.ActiveCfg = Debug|Any CPU
		{0A006A57-83B9-4B28-A0F3-CDD736E72971}.Debug|Any CPU.Build.0 = Debug|Any CPU
		{0A006A57-83B9-4B28-A0F3-CDD736E72971}.Release|Any CPU.ActiveCfg = Release|Any CPU
		{0A006A57-83B9-4B28-A0F3-CDD736E72971}.Release|Any CPU.Build.0 = Release|Any CPU
		{D69E8C09-E7C0-41CE-9EC3-F0E14E99844F}.Debug|Any CPU.ActiveCfg = Debug|Any CPU
		{D69E8C09-E7C0-41CE-9EC3-F0E14E99844F}.Debug|Any CPU.Build.0 = Debug|Any CPU
		{D69E8C09-E7C0-41CE-9EC3-F0E14E99844F}.Release|Any CPU.ActiveCfg = Release|Any CPU
		{D69E8C09-E7C0-41CE-9EC3-F0E14E99844F}.Release|Any CPU.Build.0 = Release|Any CPU
		{8A781DDF-FD56-4E85-B55C-219C1F731310}.Debug|Any CPU.ActiveCfg = Debug|Any CPU
		{8A781DDF-FD56-4E85-B55C-219C1F731310}.Debug|Any CPU.Build.0 = Debug|Any CPU
		{8A781DDF-FD56-4E85-B55C-219C1F731310}.Release|Any CPU.ActiveCfg = Release|Any CPU
		{8A781DDF-FD56-4E85-B55C-219C1F731310}.Release|Any CPU.Build.0 = Release|Any CPU
		{9ABCEFF5-8E0D-4949-90F9-F343861376DF}.Debug|Any CPU.ActiveCfg = Debug|Any CPU
		{9ABCEFF5-8E0D-4949-90F9-F343861376DF}.Debug|Any CPU.Build.0 = Debug|Any CPU
		{9ABCEFF5-8E0D-4949-90F9-F343861376DF}.Release|Any CPU.ActiveCfg = Release|Any CPU
		{9ABCEFF5-8E0D-4949-90F9-F343861376DF}.Release|Any CPU.Build.0 = Release|Any CPU
		{6AD0DE46-C550-41DD-BF8D-E8C4F117E550}.Debug|Any CPU.ActiveCfg = Debug|Any CPU
		{6AD0DE46-C550-41DD-BF8D-E8C4F117E550}.Debug|Any CPU.Build.0 = Debug|Any CPU
		{6AD0DE46-C550-41DD-BF8D-E8C4F117E550}.Release|Any CPU.ActiveCfg = Release|Any CPU
		{6AD0DE46-C550-41DD-BF8D-E8C4F117E550}.Release|Any CPU.Build.0 = Release|Any CPU
	EndGlobalSection
	GlobalSection(SolutionProperties) = preSolution
		HideSolutionNode = FALSE
	EndGlobalSection
	GlobalSection(ExtensibilityGlobals) = postSolution
		SolutionGuid = {0068EDB6-E427-4ACA-8026-A7C10DEE0C71}
	EndGlobalSection
EndGlobal
